// !$*UTF8*$!
{
	archiveVersion = 1;
	classes = {
	};
	objectVersion = 56;
	objects = {

/* Begin PBXBuildFile section */
		03364CE3481390AEDD54EF5A /* Pods_PopularMovies.framework in Frameworks */ = {isa = PBXBuildFile; fileRef = 238E470C5196CDC39CD6054D /* Pods_PopularMovies.framework */; };
		E721CD142B00018C00932DA6 /* ScrollableStackView.swift in Sources */ = {isa = PBXBuildFile; fileRef = E721CD132B00018C00932DA6 /* ScrollableStackView.swift */; };
		E7F35AF92AFFA79C00E47520 /* AppDelegate.swift in Sources */ = {isa = PBXBuildFile; fileRef = E7F35AF82AFFA79C00E47520 /* AppDelegate.swift */; };
		E7F35AFB2AFFA79C00E47520 /* SceneDelegate.swift in Sources */ = {isa = PBXBuildFile; fileRef = E7F35AFA2AFFA79C00E47520 /* SceneDelegate.swift */; };
		E7F35AFD2AFFA79C00E47520 /* MovieListViewController.swift in Sources */ = {isa = PBXBuildFile; fileRef = E7F35AFC2AFFA79C00E47520 /* MovieListViewController.swift */; };
		E7F35B022AFFA79D00E47520 /* Assets.xcassets in Resources */ = {isa = PBXBuildFile; fileRef = E7F35B012AFFA79D00E47520 /* Assets.xcassets */; };
		E7F35B052AFFA79D00E47520 /* LaunchScreen.storyboard in Resources */ = {isa = PBXBuildFile; fileRef = E7F35B032AFFA79D00E47520 /* LaunchScreen.storyboard */; };
		E7F35B112AFFA91F00E47520 /* MovieDetailViewController.swift in Sources */ = {isa = PBXBuildFile; fileRef = E7F35B102AFFA91F00E47520 /* MovieDetailViewController.swift */; };
		E7F35B132AFFA92700E47520 /* MovieListViewModel.swift in Sources */ = {isa = PBXBuildFile; fileRef = E7F35B122AFFA92700E47520 /* MovieListViewModel.swift */; };
		E7F35B152AFFA93F00E47520 /* MovieDetailViewModel.swift in Sources */ = {isa = PBXBuildFile; fileRef = E7F35B142AFFA93F00E47520 /* MovieDetailViewModel.swift */; };
		E7F35B172AFFA96100E47520 /* NetworkManager.swift in Sources */ = {isa = PBXBuildFile; fileRef = E7F35B162AFFA96100E47520 /* NetworkManager.swift */; };
		E7F35B192AFFAA4100E47520 /* MovieAPI.swift in Sources */ = {isa = PBXBuildFile; fileRef = E7F35B182AFFAA4100E47520 /* MovieAPI.swift */; };
		E7F35B1D2AFFAD8100E47520 /* MovieListModel.swift in Sources */ = {isa = PBXBuildFile; fileRef = E7F35B1C2AFFAD8100E47520 /* MovieListModel.swift */; };
		E7F35B202AFFB1FC00E47520 /* MovieListCollectionViewCell.swift in Sources */ = {isa = PBXBuildFile; fileRef = E7F35B1F2AFFB1FC00E47520 /* MovieListCollectionViewCell.swift */; };
		E7F35B232AFFB4B000E47520 /* BaseTableViewCell.swift in Sources */ = {isa = PBXBuildFile; fileRef = E7F35B222AFFB4B000E47520 /* BaseTableViewCell.swift */; };
		E7F35B272AFFC04200E47520 /* BaseViewController.swift in Sources */ = {isa = PBXBuildFile; fileRef = E7F35B262AFFC04200E47520 /* BaseViewController.swift */; };
		E7F35B292AFFC4BB00E47520 /* Constants.swift in Sources */ = {isa = PBXBuildFile; fileRef = E7F35B282AFFC4BB00E47520 /* Constants.swift */; };
		E7F35B2E2AFFC82E00E47520 /* DynamicTableView.swift in Sources */ = {isa = PBXBuildFile; fileRef = E7F35B2D2AFFC82E00E47520 /* DynamicTableView.swift */; };
		E7F35B312AFFCD8F00E47520 /* StringExtensions.swift in Sources */ = {isa = PBXBuildFile; fileRef = E7F35B302AFFCD8F00E47520 /* StringExtensions.swift */; };
/* End PBXBuildFile section */

/* Begin PBXFileReference section */
		238E470C5196CDC39CD6054D /* Pods_PopularMovies.framework */ = {isa = PBXFileReference; explicitFileType = wrapper.framework; includeInIndex = 0; path = Pods_PopularMovies.framework; sourceTree = BUILT_PRODUCTS_DIR; };
		30F04C7EF5CA5ECF136C5CB1 /* Pods-PopularMovies.release.xcconfig */ = {isa = PBXFileReference; includeInIndex = 1; lastKnownFileType = text.xcconfig; name = "Pods-PopularMovies.release.xcconfig"; path = "Target Support Files/Pods-PopularMovies/Pods-PopularMovies.release.xcconfig"; sourceTree = "<group>"; };
		4F33137322C469C8092A7BCF /* Pods-PopularMovies.debug.xcconfig */ = {isa = PBXFileReference; includeInIndex = 1; lastKnownFileType = text.xcconfig; name = "Pods-PopularMovies.debug.xcconfig"; path = "Target Support Files/Pods-PopularMovies/Pods-PopularMovies.debug.xcconfig"; sourceTree = "<group>"; };
		E721CD132B00018C00932DA6 /* ScrollableStackView.swift */ = {isa = PBXFileReference; lastKnownFileType = sourcecode.swift; path = ScrollableStackView.swift; sourceTree = "<group>"; };
		E7F35AF52AFFA79C00E47520 /* PopularMovies.app */ = {isa = PBXFileReference; explicitFileType = wrapper.application; includeInIndex = 0; path = PopularMovies.app; sourceTree = BUILT_PRODUCTS_DIR; };
		E7F35AF82AFFA79C00E47520 /* AppDelegate.swift */ = {isa = PBXFileReference; lastKnownFileType = sourcecode.swift; path = AppDelegate.swift; sourceTree = "<group>"; };
		E7F35AFA2AFFA79C00E47520 /* SceneDelegate.swift */ = {isa = PBXFileReference; lastKnownFileType = sourcecode.swift; path = SceneDelegate.swift; sourceTree = "<group>"; };
		E7F35AFC2AFFA79C00E47520 /* MovieListViewController.swift */ = {isa = PBXFileReference; lastKnownFileType = sourcecode.swift; path = MovieListViewController.swift; sourceTree = "<group>"; };
		E7F35B012AFFA79D00E47520 /* Assets.xcassets */ = {isa = PBXFileReference; lastKnownFileType = folder.assetcatalog; path = Assets.xcassets; sourceTree = "<group>"; };
		E7F35B042AFFA79D00E47520 /* Base */ = {isa = PBXFileReference; lastKnownFileType = file.storyboard; name = Base; path = Base.lproj/LaunchScreen.storyboard; sourceTree = "<group>"; };
		E7F35B062AFFA79D00E47520 /* Info.plist */ = {isa = PBXFileReference; lastKnownFileType = text.plist.xml; path = Info.plist; sourceTree = "<group>"; };
		E7F35B102AFFA91F00E47520 /* MovieDetailViewController.swift */ = {isa = PBXFileReference; lastKnownFileType = sourcecode.swift; path = MovieDetailViewController.swift; sourceTree = "<group>"; };
		E7F35B122AFFA92700E47520 /* MovieListViewModel.swift */ = {isa = PBXFileReference; lastKnownFileType = sourcecode.swift; path = MovieListViewModel.swift; sourceTree = "<group>"; };
		E7F35B142AFFA93F00E47520 /* MovieDetailViewModel.swift */ = {isa = PBXFileReference; lastKnownFileType = sourcecode.swift; path = MovieDetailViewModel.swift; sourceTree = "<group>"; };
		E7F35B162AFFA96100E47520 /* NetworkManager.swift */ = {isa = PBXFileReference; lastKnownFileType = sourcecode.swift; path = NetworkManager.swift; sourceTree = "<group>"; };
		E7F35B182AFFAA4100E47520 /* MovieAPI.swift */ = {isa = PBXFileReference; lastKnownFileType = sourcecode.swift; path = MovieAPI.swift; sourceTree = "<group>"; };
		E7F35B1C2AFFAD8100E47520 /* MovieListModel.swift */ = {isa = PBXFileReference; lastKnownFileType = sourcecode.swift; path = MovieListModel.swift; sourceTree = "<group>"; };
		E7F35B1F2AFFB1FC00E47520 /* MovieListCollectionViewCell.swift */ = {isa = PBXFileReference; lastKnownFileType = sourcecode.swift; path = MovieListCollectionViewCell.swift; sourceTree = "<group>"; };
		E7F35B222AFFB4B000E47520 /* BaseTableViewCell.swift */ = {isa = PBXFileReference; lastKnownFileType = sourcecode.swift; path = BaseTableViewCell.swift; sourceTree = "<group>"; };
		E7F35B262AFFC04200E47520 /* BaseViewController.swift */ = {isa = PBXFileReference; lastKnownFileType = sourcecode.swift; path = BaseViewController.swift; sourceTree = "<group>"; };
		E7F35B282AFFC4BB00E47520 /* Constants.swift */ = {isa = PBXFileReference; lastKnownFileType = sourcecode.swift; path = Constants.swift; sourceTree = "<group>"; };
		E7F35B2D2AFFC82E00E47520 /* DynamicTableView.swift */ = {isa = PBXFileReference; lastKnownFileType = sourcecode.swift; path = DynamicTableView.swift; sourceTree = "<group>"; };
		E7F35B302AFFCD8F00E47520 /* StringExtensions.swift */ = {isa = PBXFileReference; lastKnownFileType = sourcecode.swift; path = StringExtensions.swift; sourceTree = "<group>"; };
/* End PBXFileReference section */

/* Begin PBXFrameworksBuildPhase section */
		E7F35AF22AFFA79C00E47520 /* Frameworks */ = {
			isa = PBXFrameworksBuildPhase;
			buildActionMask = 2147483647;
			files = (
				03364CE3481390AEDD54EF5A /* Pods_PopularMovies.framework in Frameworks */,
			);
			runOnlyForDeploymentPostprocessing = 0;
		};
/* End PBXFrameworksBuildPhase section */

/* Begin PBXGroup section */
		5F5F87CEAA1E73BEDD3ACB40 /* Frameworks */ = {
			isa = PBXGroup;
			children = (
				238E470C5196CDC39CD6054D /* Pods_PopularMovies.framework */,
			);
			name = Frameworks;
			sourceTree = "<group>";
		};
		E721CD122B00017900932DA6 /* Components */ = {
			isa = PBXGroup;
			children = (
				E7F35B222AFFB4B000E47520 /* BaseTableViewCell.swift */,
				E7F35B2D2AFFC82E00E47520 /* DynamicTableView.swift */,
				E721CD132B00018C00932DA6 /* ScrollableStackView.swift */,
			);
			path = Components;
			sourceTree = "<group>";
		};
		E7EFDF5EDD65146AEE924FB6 /* Pods */ = {
			isa = PBXGroup;
			children = (
				4F33137322C469C8092A7BCF /* Pods-PopularMovies.debug.xcconfig */,
				30F04C7EF5CA5ECF136C5CB1 /* Pods-PopularMovies.release.xcconfig */,
			);
			path = Pods;
			sourceTree = "<group>";
		};
		E7F35AEC2AFFA79C00E47520 = {
			isa = PBXGroup;
			children = (
				E7F35AF72AFFA79C00E47520 /* PopularMovies */,
				E7F35AF62AFFA79C00E47520 /* Products */,
				E7EFDF5EDD65146AEE924FB6 /* Pods */,
				5F5F87CEAA1E73BEDD3ACB40 /* Frameworks */,
			);
			sourceTree = "<group>";
		};
		E7F35AF62AFFA79C00E47520 /* Products */ = {
			isa = PBXGroup;
			children = (
				E7F35AF52AFFA79C00E47520 /* PopularMovies.app */,
			);
			name = Products;
			sourceTree = "<group>";
		};
		E7F35AF72AFFA79C00E47520 /* PopularMovies */ = {
			isa = PBXGroup;
			children = (
				E7F35B0D2AFFA8F700E47520 /* Networking */,
				E7F35B0C2AFFA8F300E47520 /* Scenes */,
				E7F35B1B2AFFAD7500E47520 /* Model */,
				E721CD122B00017900932DA6 /* Components */,
				E7F35B212AFFB49E00E47520 /* Base */,
				E7F35B2A2AFFC4C200E47520 /* Utilities */,
				E7F35B2F2AFFCD8100E47520 /* Extensions */,
				E7F35B1A2AFFABAB00E47520 /* Application */,
				E7F35B012AFFA79D00E47520 /* Assets.xcassets */,
				E7F35B032AFFA79D00E47520 /* LaunchScreen.storyboard */,
				E7F35B062AFFA79D00E47520 /* Info.plist */,
			);
			path = PopularMovies;
			sourceTree = "<group>";
		};
		E7F35B0C2AFFA8F300E47520 /* Scenes */ = {
			isa = PBXGroup;
			children = (
				E7F35B0E2AFFA8FD00E47520 /* MovieList */,
				E7F35B0F2AFFA90200E47520 /* MovieDetail */,
			);
			path = Scenes;
			sourceTree = "<group>";
		};
		E7F35B0D2AFFA8F700E47520 /* Networking */ = {
			isa = PBXGroup;
			children = (
				E7F35B162AFFA96100E47520 /* NetworkManager.swift */,
				E7F35B182AFFAA4100E47520 /* MovieAPI.swift */,
			);
			path = Networking;
			sourceTree = "<group>";
		};
		E7F35B0E2AFFA8FD00E47520 /* MovieList */ = {
			isa = PBXGroup;
			children = (
				E7F35AFC2AFFA79C00E47520 /* MovieListViewController.swift */,
				E7F35B122AFFA92700E47520 /* MovieListViewModel.swift */,
				E7F35B1F2AFFB1FC00E47520 /* MovieListCollectionViewCell.swift */,
			);
			path = MovieList;
			sourceTree = "<group>";
		};
		E7F35B0F2AFFA90200E47520 /* MovieDetail */ = {
			isa = PBXGroup;
			children = (
				E7F35B102AFFA91F00E47520 /* MovieDetailViewController.swift */,
				E7F35B142AFFA93F00E47520 /* MovieDetailViewModel.swift */,
			);
			path = MovieDetail;
			sourceTree = "<group>";
		};
		E7F35B1A2AFFABAB00E47520 /* Application */ = {
			isa = PBXGroup;
			children = (
				E7F35AF82AFFA79C00E47520 /* AppDelegate.swift */,
				E7F35AFA2AFFA79C00E47520 /* SceneDelegate.swift */,
			);
			path = Application;
			sourceTree = "<group>";
		};
		E7F35B1B2AFFAD7500E47520 /* Model */ = {
			isa = PBXGroup;
			children = (
				E7F35B1C2AFFAD8100E47520 /* MovieListModel.swift */,
			);
			path = Model;
			sourceTree = "<group>";
		};
		E7F35B212AFFB49E00E47520 /* Base */ = {
			isa = PBXGroup;
			children = (
				E7F35B262AFFC04200E47520 /* BaseViewController.swift */,
			);
			path = Base;
			sourceTree = "<group>";
		};
		E7F35B2A2AFFC4C200E47520 /* Utilities */ = {
			isa = PBXGroup;
			children = (
				E7F35B282AFFC4BB00E47520 /* Constants.swift */,
			);
			path = Utilities;
			sourceTree = "<group>";
		};
		E7F35B2F2AFFCD8100E47520 /* Extensions */ = {
			isa = PBXGroup;
			children = (
				E7F35B302AFFCD8F00E47520 /* StringExtensions.swift */,
			);
			path = Extensions;
			sourceTree = "<group>";
		};
/* End PBXGroup section */

/* Begin PBXNativeTarget section */
		E7F35AF42AFFA79C00E47520 /* PopularMovies */ = {
			isa = PBXNativeTarget;
			buildConfigurationList = E7F35B092AFFA79D00E47520 /* Build configuration list for PBXNativeTarget "PopularMovies" */;
			buildPhases = (
				6A75751177DCFF3135338A0A /* [CP] Check Pods Manifest.lock */,
				E7F35AF12AFFA79C00E47520 /* Sources */,
				E7F35AF22AFFA79C00E47520 /* Frameworks */,
				E7F35AF32AFFA79C00E47520 /* Resources */,
				9869D3794AAB0412A9927864 /* [CP] Embed Pods Frameworks */,
			);
			buildRules = (
			);
			dependencies = (
			);
			name = PopularMovies;
			productName = PopularMovies;
			productReference = E7F35AF52AFFA79C00E47520 /* PopularMovies.app */;
			productType = "com.apple.product-type.application";
		};
/* End PBXNativeTarget section */

/* Begin PBXProject section */
		E7F35AED2AFFA79C00E47520 /* Project object */ = {
			isa = PBXProject;
			attributes = {
				BuildIndependentTargetsInParallel = 1;
				LastSwiftUpdateCheck = 1430;
				LastUpgradeCheck = 1430;
				TargetAttributes = {
					E7F35AF42AFFA79C00E47520 = {
						CreatedOnToolsVersion = 14.3.1;
					};
				};
			};
			buildConfigurationList = E7F35AF02AFFA79C00E47520 /* Build configuration list for PBXProject "PopularMovies" */;
			compatibilityVersion = "Xcode 14.0";
			developmentRegion = en;
			hasScannedForEncodings = 0;
			knownRegions = (
				en,
				Base,
			);
			mainGroup = E7F35AEC2AFFA79C00E47520;
			productRefGroup = E7F35AF62AFFA79C00E47520 /* Products */;
			projectDirPath = "";
			projectRoot = "";
			targets = (
				E7F35AF42AFFA79C00E47520 /* PopularMovies */,
			);
		};
/* End PBXProject section */

/* Begin PBXResourcesBuildPhase section */
		E7F35AF32AFFA79C00E47520 /* Resources */ = {
			isa = PBXResourcesBuildPhase;
			buildActionMask = 2147483647;
			files = (
				E7F35B052AFFA79D00E47520 /* LaunchScreen.storyboard in Resources */,
				E7F35B022AFFA79D00E47520 /* Assets.xcassets in Resources */,
			);
			runOnlyForDeploymentPostprocessing = 0;
		};
/* End PBXResourcesBuildPhase section */

/* Begin PBXShellScriptBuildPhase section */
		6A75751177DCFF3135338A0A /* [CP] Check Pods Manifest.lock */ = {
			isa = PBXShellScriptBuildPhase;
			buildActionMask = 2147483647;
			files = (
			);
			inputFileListPaths = (
			);
			inputPaths = (
				"${PODS_PODFILE_DIR_PATH}/Podfile.lock",
				"${PODS_ROOT}/Manifest.lock",
			);
			name = "[CP] Check Pods Manifest.lock";
			outputFileListPaths = (
			);
			outputPaths = (
				"$(DERIVED_FILE_DIR)/Pods-PopularMovies-checkManifestLockResult.txt",
			);
			runOnlyForDeploymentPostprocessing = 0;
			shellPath = /bin/sh;
			shellScript = "diff \"${PODS_PODFILE_DIR_PATH}/Podfile.lock\" \"${PODS_ROOT}/Manifest.lock\" > /dev/null\nif [ $? != 0 ] ; then\n    # print error to STDERR\n    echo \"error: The sandbox is not in sync with the Podfile.lock. Run 'pod install' or update your CocoaPods installation.\" >&2\n    exit 1\nfi\n# This output is used by Xcode 'outputs' to avoid re-running this script phase.\necho \"SUCCESS\" > \"${SCRIPT_OUTPUT_FILE_0}\"\n";
			showEnvVarsInLog = 0;
		};
		9869D3794AAB0412A9927864 /* [CP] Embed Pods Frameworks */ = {
			isa = PBXShellScriptBuildPhase;
			buildActionMask = 2147483647;
			files = (
			);
			inputFileListPaths = (
				"${PODS_ROOT}/Target Support Files/Pods-PopularMovies/Pods-PopularMovies-frameworks-${CONFIGURATION}-input-files.xcfilelist",
			);
			name = "[CP] Embed Pods Frameworks";
			outputFileListPaths = (
				"${PODS_ROOT}/Target Support Files/Pods-PopularMovies/Pods-PopularMovies-frameworks-${CONFIGURATION}-output-files.xcfilelist",
			);
			runOnlyForDeploymentPostprocessing = 0;
			shellPath = /bin/sh;
			shellScript = "\"${PODS_ROOT}/Target Support Files/Pods-PopularMovies/Pods-PopularMovies-frameworks.sh\"\n";
			showEnvVarsInLog = 0;
		};
/* End PBXShellScriptBuildPhase section */

/* Begin PBXSourcesBuildPhase section */
		E7F35AF12AFFA79C00E47520 /* Sources */ = {
			isa = PBXSourcesBuildPhase;
			buildActionMask = 2147483647;
			files = (
				E7F35B272AFFC04200E47520 /* BaseViewController.swift in Sources */,
				E7F35B112AFFA91F00E47520 /* MovieDetailViewController.swift in Sources */,
				E7F35B202AFFB1FC00E47520 /* MovieListCollectionViewCell.swift in Sources */,
				E7F35AFD2AFFA79C00E47520 /* MovieListViewController.swift in Sources */,
				E7F35B152AFFA93F00E47520 /* MovieDetailViewModel.swift in Sources */,
				E7F35B232AFFB4B000E47520 /* BaseTableViewCell.swift in Sources */,
				E7F35B172AFFA96100E47520 /* NetworkManager.swift in Sources */,
				E7F35B2E2AFFC82E00E47520 /* DynamicTableView.swift in Sources */,
				E721CD142B00018C00932DA6 /* ScrollableStackView.swift in Sources */,
				E7F35B192AFFAA4100E47520 /* MovieAPI.swift in Sources */,
				E7F35AF92AFFA79C00E47520 /* AppDelegate.swift in Sources */,
				E7F35AFB2AFFA79C00E47520 /* SceneDelegate.swift in Sources */,
				E7F35B1D2AFFAD8100E47520 /* MovieListModel.swift in Sources */,
				E7F35B312AFFCD8F00E47520 /* StringExtensions.swift in Sources */,
				E7F35B292AFFC4BB00E47520 /* Constants.swift in Sources */,
				E7F35B132AFFA92700E47520 /* MovieListViewModel.swift in Sources */,
			);
			runOnlyForDeploymentPostprocessing = 0;
		};
/* End PBXSourcesBuildPhase section */

/* Begin PBXVariantGroup section */
		E7F35B032AFFA79D00E47520 /* LaunchScreen.storyboard */ = {
			isa = PBXVariantGroup;
			children = (
				E7F35B042AFFA79D00E47520 /* Base */,
			);
			name = LaunchScreen.storyboard;
			sourceTree = "<group>";
		};
/* End PBXVariantGroup section */

/* Begin XCBuildConfiguration section */
		E7F35B072AFFA79D00E47520 /* Debug */ = {
			isa = XCBuildConfiguration;
			buildSettings = {
				ALWAYS_SEARCH_USER_PATHS = NO;
				CLANG_ANALYZER_NONNULL = YES;
				CLANG_ANALYZER_NUMBER_OBJECT_CONVERSION = YES_AGGRESSIVE;
				CLANG_CXX_LANGUAGE_STANDARD = "gnu++20";
				CLANG_ENABLE_MODULES = YES;
				CLANG_ENABLE_OBJC_ARC = YES;
				CLANG_ENABLE_OBJC_WEAK = YES;
				CLANG_WARN_BLOCK_CAPTURE_AUTORELEASING = YES;
				CLANG_WARN_BOOL_CONVERSION = YES;
				CLANG_WARN_COMMA = YES;
				CLANG_WARN_CONSTANT_CONVERSION = YES;
				CLANG_WARN_DEPRECATED_OBJC_IMPLEMENTATIONS = YES;
				CLANG_WARN_DIRECT_OBJC_ISA_USAGE = YES_ERROR;
				CLANG_WARN_DOCUMENTATION_COMMENTS = YES;
				CLANG_WARN_EMPTY_BODY = YES;
				CLANG_WARN_ENUM_CONVERSION = YES;
				CLANG_WARN_INFINITE_RECURSION = YES;
				CLANG_WARN_INT_CONVERSION = YES;
				CLANG_WARN_NON_LITERAL_NULL_CONVERSION = YES;
				CLANG_WARN_OBJC_IMPLICIT_RETAIN_SELF = YES;
				CLANG_WARN_OBJC_LITERAL_CONVERSION = YES;
				CLANG_WARN_OBJC_ROOT_CLASS = YES_ERROR;
				CLANG_WARN_QUOTED_INCLUDE_IN_FRAMEWORK_HEADER = YES;
				CLANG_WARN_RANGE_LOOP_ANALYSIS = YES;
				CLANG_WARN_STRICT_PROTOTYPES = YES;
				CLANG_WARN_SUSPICIOUS_MOVE = YES;
				CLANG_WARN_UNGUARDED_AVAILABILITY = YES_AGGRESSIVE;
				CLANG_WARN_UNREACHABLE_CODE = YES;
				CLANG_WARN__DUPLICATE_METHOD_MATCH = YES;
				COPY_PHASE_STRIP = NO;
				DEBUG_INFORMATION_FORMAT = dwarf;
				ENABLE_STRICT_OBJC_MSGSEND = YES;
				ENABLE_TESTABILITY = YES;
				GCC_C_LANGUAGE_STANDARD = gnu11;
				GCC_DYNAMIC_NO_PIC = NO;
				GCC_NO_COMMON_BLOCKS = YES;
				GCC_OPTIMIZATION_LEVEL = 0;
				GCC_PREPROCESSOR_DEFINITIONS = (
					"DEBUG=1",
					"$(inherited)",
				);
				GCC_WARN_64_TO_32_BIT_CONVERSION = YES;
				GCC_WARN_ABOUT_RETURN_TYPE = YES_ERROR;
				GCC_WARN_UNDECLARED_SELECTOR = YES;
				GCC_WARN_UNINITIALIZED_AUTOS = YES_AGGRESSIVE;
				GCC_WARN_UNUSED_FUNCTION = YES;
				GCC_WARN_UNUSED_VARIABLE = YES;
				IPHONEOS_DEPLOYMENT_TARGET = 16.4;
				MTL_ENABLE_DEBUG_INFO = INCLUDE_SOURCE;
				MTL_FAST_MATH = YES;
				ONLY_ACTIVE_ARCH = YES;
				SDKROOT = iphoneos;
				SWIFT_ACTIVE_COMPILATION_CONDITIONS = DEBUG;
				SWIFT_OPTIMIZATION_LEVEL = "-Onone";
			};
			name = Debug;
		};
		E7F35B082AFFA79D00E47520 /* Release */ = {
			isa = XCBuildConfiguration;
			buildSettings = {
				ALWAYS_SEARCH_USER_PATHS = NO;
				CLANG_ANALYZER_NONNULL = YES;
				CLANG_ANALYZER_NUMBER_OBJECT_CONVERSION = YES_AGGRESSIVE;
				CLANG_CXX_LANGUAGE_STANDARD = "gnu++20";
				CLANG_ENABLE_MODULES = YES;
				CLANG_ENABLE_OBJC_ARC = YES;
				CLANG_ENABLE_OBJC_WEAK = YES;
				CLANG_WARN_BLOCK_CAPTURE_AUTORELEASING = YES;
				CLANG_WARN_BOOL_CONVERSION = YES;
				CLANG_WARN_COMMA = YES;
				CLANG_WARN_CONSTANT_CONVERSION = YES;
				CLANG_WARN_DEPRECATED_OBJC_IMPLEMENTATIONS = YES;
				CLANG_WARN_DIRECT_OBJC_ISA_USAGE = YES_ERROR;
				CLANG_WARN_DOCUMENTATION_COMMENTS = YES;
				CLANG_WARN_EMPTY_BODY = YES;
				CLANG_WARN_ENUM_CONVERSION = YES;
				CLANG_WARN_INFINITE_RECURSION = YES;
				CLANG_WARN_INT_CONVERSION = YES;
				CLANG_WARN_NON_LITERAL_NULL_CONVERSION = YES;
				CLANG_WARN_OBJC_IMPLICIT_RETAIN_SELF = YES;
				CLANG_WARN_OBJC_LITERAL_CONVERSION = YES;
				CLANG_WARN_OBJC_ROOT_CLASS = YES_ERROR;
				CLANG_WARN_QUOTED_INCLUDE_IN_FRAMEWORK_HEADER = YES;
				CLANG_WARN_RANGE_LOOP_ANALYSIS = YES;
				CLANG_WARN_STRICT_PROTOTYPES = YES;
				CLANG_WARN_SUSPICIOUS_MOVE = YES;
				CLANG_WARN_UNGUARDED_AVAILABILITY = YES_AGGRESSIVE;
				CLANG_WARN_UNREACHABLE_CODE = YES;
				CLANG_WARN__DUPLICATE_METHOD_MATCH = YES;
				COPY_PHASE_STRIP = NO;
				DEBUG_INFORMATION_FORMAT = "dwarf-with-dsym";
				ENABLE_NS_ASSERTIONS = NO;
				ENABLE_STRICT_OBJC_MSGSEND = YES;
				GCC_C_LANGUAGE_STANDARD = gnu11;
				GCC_NO_COMMON_BLOCKS = YES;
				GCC_WARN_64_TO_32_BIT_CONVERSION = YES;
				GCC_WARN_ABOUT_RETURN_TYPE = YES_ERROR;
				GCC_WARN_UNDECLARED_SELECTOR = YES;
				GCC_WARN_UNINITIALIZED_AUTOS = YES_AGGRESSIVE;
				GCC_WARN_UNUSED_FUNCTION = YES;
				GCC_WARN_UNUSED_VARIABLE = YES;
				IPHONEOS_DEPLOYMENT_TARGET = 16.4;
				MTL_ENABLE_DEBUG_INFO = NO;
				MTL_FAST_MATH = YES;
				SDKROOT = iphoneos;
				SWIFT_COMPILATION_MODE = wholemodule;
				SWIFT_OPTIMIZATION_LEVEL = "-O";
				VALIDATE_PRODUCT = YES;
			};
			name = Release;
		};
		E7F35B0A2AFFA79D00E47520 /* Debug */ = {
			isa = XCBuildConfiguration;
			baseConfigurationReference = 4F33137322C469C8092A7BCF /* Pods-PopularMovies.debug.xcconfig */;
			buildSettings = {
				ASSETCATALOG_COMPILER_APPICON_NAME = AppIcon;
				ASSETCATALOG_COMPILER_GLOBAL_ACCENT_COLOR_NAME = AccentColor;
				CODE_SIGN_STYLE = Automatic;
				CURRENT_PROJECT_VERSION = 1;
				DEVELOPMENT_TEAM = 265G3QMY9J;
				GENERATE_INFOPLIST_FILE = YES;
				INFOPLIST_FILE = PopularMovies/Info.plist;
				INFOPLIST_KEY_UIApplicationSupportsIndirectInputEvents = YES;
				INFOPLIST_KEY_UILaunchStoryboardName = LaunchScreen.storyboard;
				INFOPLIST_KEY_UISupportedInterfaceOrientations_iPad = "UIInterfaceOrientationPortrait UIInterfaceOrientationPortraitUpsideDown UIInterfaceOrientationLandscapeLeft UIInterfaceOrientationLandscapeRight";
				INFOPLIST_KEY_UISupportedInterfaceOrientations_iPhone = "UIInterfaceOrientationPortrait UIInterfaceOrientationLandscapeLeft UIInterfaceOrientationLandscapeRight";
				LD_RUNPATH_SEARCH_PATHS = (
					"$(inherited)",
					"@executable_path/Frameworks",
				);
				MARKETING_VERSION = 1.0;
				PRODUCT_BUNDLE_IDENTIFIER = cemkazim.PopularMovies;
				PRODUCT_NAME = "$(TARGET_NAME)";
				SWIFT_EMIT_LOC_STRINGS = YES;
				SWIFT_VERSION = 5.0;
				TARGETED_DEVICE_FAMILY = "1,2";
			};
			name = Debug;
		};
		E7F35B0B2AFFA79D00E47520 /* Release */ = {
			isa = XCBuildConfiguration;
			baseConfigurationReference = 30F04C7EF5CA5ECF136C5CB1 /* Pods-PopularMovies.release.xcconfig */;
			buildSettings = {
				ASSETCATALOG_COMPILER_APPICON_NAME = AppIcon;
				ASSETCATALOG_COMPILER_GLOBAL_ACCENT_COLOR_NAME = AccentColor;
				CODE_SIGN_STYLE = Automatic;
				CURRENT_PROJECT_VERSION = 1;
				DEVELOPMENT_TEAM = 265G3QMY9J;
				GENERATE_INFOPLIST_FILE = YES;
				INFOPLIST_FILE = PopularMovies/Info.plist;
				INFOPLIST_KEY_UIApplicationSupportsIndirectInputEvents = YES;
				INFOPLIST_KEY_UILaunchStoryboardName = LaunchScreen.storyboard;
				INFOPLIST_KEY_UISupportedInterfaceOrientations_iPad = "UIInterfaceOrientationPortrait UIInterfaceOrientationPortraitUpsideDown UIInterfaceOrientationLandscapeLeft UIInterfaceOrientationLandscapeRight";
				INFOPLIST_KEY_UISupportedInterfaceOrientations_iPhone = "UIInterfaceOrientationPortrait UIInterfaceOrientationLandscapeLeft UIInterfaceOrientationLandscapeRight";
				LD_RUNPATH_SEARCH_PATHS = (
					"$(inherited)",
					"@executable_path/Frameworks",
				);
				MARKETING_VERSION = 1.0;
				PRODUCT_BUNDLE_IDENTIFIER = cemkazim.PopularMovies;
				PRODUCT_NAME = "$(TARGET_NAME)";
				SWIFT_EMIT_LOC_STRINGS = YES;
				SWIFT_VERSION = 5.0;
				TARGETED_DEVICE_FAMILY = "1,2";
			};
			name = Release;
		};
/* End XCBuildConfiguration section */

/* Begin XCConfigurationList section */
		E7F35AF02AFFA79C00E47520 /* Build configuration list for PBXProject "PopularMovies" */ = {
			isa = XCConfigurationList;
			buildConfigurations = (
				E7F35B072AFFA79D00E47520 /* Debug */,
				E7F35B082AFFA79D00E47520 /* Release */,
			);
			defaultConfigurationIsVisible = 0;
			defaultConfigurationName = Release;
		};
		E7F35B092AFFA79D00E47520 /* Build configuration list for PBXNativeTarget "PopularMovies" */ = {
			isa = XCConfigurationList;
			buildConfigurations = (
				E7F35B0A2AFFA79D00E47520 /* Debug */,
				E7F35B0B2AFFA79D00E47520 /* Release */,
			);
			defaultConfigurationIsVisible = 0;
			defaultConfigurationName = Release;
		};
/* End XCConfigurationList section */
	};
	rootObject = E7F35AED2AFFA79C00E47520 /* Project object */;
}
